--- 
dependencies: 
  contest: 
    group: 
    - :test
    version: ">= 0"
  rake: 
    group: 
    - :test
    version: ">= 0"
  highline: 
    group: 
    - :default
    version: ">= 1.5.2"
  weary: 
    group: 
    - :default
    version: ">= 0.7.1"
  vcr: 
    group: 
    - :test
    version: ">= 0"
  jeweler: 
    group: 
    - :test
    version: ">= 0"
  redgreen: 
    group: 
    - :test
    version: ">= 0"
specs: 
- json_pure: 
    version: 1.2.2
- git: 
    version: 1.2.5
- redgreen: 
    version: 1.2.2
- rubyforge: 
    version: 2.0.4
- ruby-hmac: 
    version: 0.4.0
- crack: 
    version: 0.1.7
- oauth: 
    version: 0.3.6
- weary: 
    version: 0.7.1
- rake: 
    version: 0.8.7
- gemcutter: 
    version: 0.5.0
- jeweler: 
    version: 1.4.0
- contest: 
    version: 0.1.2
- highline: 
    version: 1.5.2
- fakeweb: 
    version: 1.2.8
- vcr: 
    version: 0.1.2
hash: bb23bf752ce2daa339a799069ab0b6df9063a3a4
sources: []

